// !$*UTF8*$!
{
	archiveVersion = 1;
	classes = {
	};
	objectVersion = 50;
	objects = {

/* Begin PBXBuildFile section */
		9609993121998CAB006B6D62 /* AppDelegate.swift in Sources */ = {isa = PBXBuildFile; fileRef = 9609993021998CAB006B6D62 /* AppDelegate.swift */; };
		9609993821998CAD006B6D62 /* Assets.xcassets in Resources */ = {isa = PBXBuildFile; fileRef = 9609993721998CAD006B6D62 /* Assets.xcassets */; };
		9609995321998FFE006B6D62 /* LaunchScreen.storyboard in Resources */ = {isa = PBXBuildFile; fileRef = 9609995221998FFE006B6D62 /* LaunchScreen.storyboard */; };
		9663320621C8E15C004ABCA2 /* TaskSix in Resources */ = {isa = PBXBuildFile; fileRef = 9663320521C8E15C004ABCA2 /* TaskSix */; };
		9663320821C8E27D004ABCA2 /* TaskSixProtocol.swift in Sources */ = {isa = PBXBuildFile; fileRef = 9663320721C8E27D004ABCA2 /* TaskSixProtocol.swift */; };
		9663320B21C8E39C004ABCA2 /* TaskSeven in Resources */ = {isa = PBXBuildFile; fileRef = 9663320A21C8E39C004ABCA2 /* TaskSeven */; };
		96B0E7A121AFD413001AD6FF /* ReadMe in Resources */ = {isa = PBXBuildFile; fileRef = 96B0E7A021AFD413001AD6FF /* ReadMe */; };
		96B0E7A421AFD695001AD6FF /* TaskOne in Resources */ = {isa = PBXBuildFile; fileRef = 96B0E7A321AFD695001AD6FF /* TaskOne */; };
		96B0E7A721AFE4AF001AD6FF /* TaskTwo in Resources */ = {isa = PBXBuildFile; fileRef = 96B0E7A621AFE4AF001AD6FF /* TaskTwo */; };
		96B0E7AA21AFFB34001AD6FF /* TaskThree in Resources */ = {isa = PBXBuildFile; fileRef = 96B0E7A921AFFB34001AD6FF /* TaskThree */; };
		96B0E7AD21B0086D001AD6FF /* TaskFour in Resources */ = {isa = PBXBuildFile; fileRef = 96B0E7AC21B0086D001AD6FF /* TaskFour */; };
		96B0E7B021B00CAF001AD6FF /* TaskFive in Resources */ = {isa = PBXBuildFile; fileRef = 96B0E7AF21B00CAF001AD6FF /* TaskFive */; };
		CE23DCDF21F1FE6F00B1DE49 /* TaskThreePartOneViewController.storyboard in Resources */ = {isa = PBXBuildFile; fileRef = CE23DCDE21F1FE6F00B1DE49 /* TaskThreePartOneViewController.storyboard */; };
		CE2726732237DE2F004B0B01 /* TaskSixModel.swift in Sources */ = {isa = PBXBuildFile; fileRef = CE2726722237DE2F004B0B01 /* TaskSixModel.swift */; };
		CE2726762237E5A8004B0B01 /* TaskSevenStoryboard.storyboard in Resources */ = {isa = PBXBuildFile; fileRef = CE2726752237E5A8004B0B01 /* TaskSevenStoryboard.storyboard */; };
		CE2726782237E5EF004B0B01 /* TaskSevenViewController.swift in Sources */ = {isa = PBXBuildFile; fileRef = CE2726772237E5EF004B0B01 /* TaskSevenViewController.swift */; };
		CE27267A2237F355004B0B01 /* TaskSevenModel.swift in Sources */ = {isa = PBXBuildFile; fileRef = CE2726792237F355004B0B01 /* TaskSevenModel.swift */; };
		CE3EB58E22009A2000675F35 /* TaskThreePartOneViewController.swift in Sources */ = {isa = PBXBuildFile; fileRef = CE3EB58D22009A2000675F35 /* TaskThreePartOneViewController.swift */; };
		CE3EB59122009A4500675F35 /* TaskThreePartTwoViewController.swift in Sources */ = {isa = PBXBuildFile; fileRef = CE3EB59022009A4500675F35 /* TaskThreePartTwoViewController.swift */; };
		CE56A51822203BBE0057D026 /* TaskFuorFactory.swift in Sources */ = {isa = PBXBuildFile; fileRef = CE56A51722203BBE0057D026 /* TaskFuorFactory.swift */; };
		CE8CCCD5222436DA000EDA70 /* TableViewCell.swift in Sources */ = {isa = PBXBuildFile; fileRef = CE8CCCD4222436DA000EDA70 /* TableViewCell.swift */; };
		CEB3A5152209A01600EE0051 /* TaskThreePartTwoViewController.storyboard in Resources */ = {isa = PBXBuildFile; fileRef = CEB3A5142209A01600EE0051 /* TaskThreePartTwoViewController.storyboard */; };
		CEB3A5172209A7FC00EE0051 /* TaskThreeModel.swift in Sources */ = {isa = PBXBuildFile; fileRef = CEB3A5162209A7FC00EE0051 /* TaskThreeModel.swift */; };
		CEC8D91021E77B6B0030833B /* TaskOneStoryboard.storyboard in Resources */ = {isa = PBXBuildFile; fileRef = CEC8D90F21E77B6B0030833B /* TaskOneStoryboard.storyboard */; };
		CEC8D91221E77BA80030833B /* TaskOneViewController.swift in Sources */ = {isa = PBXBuildFile; fileRef = CEC8D91121E77BA80030833B /* TaskOneViewController.swift */; };
		CECB630221EF58AD00AEE333 /* TaskTwoViewController.storyboard in Resources */ = {isa = PBXBuildFile; fileRef = CECB630121EF58AD00AEE333 /* TaskTwoViewController.storyboard */; };
		CECB630421EF58F300AEE333 /* TaskTwoViewController.swift in Sources */ = {isa = PBXBuildFile; fileRef = CECB630321EF58F300AEE333 /* TaskTwoViewController.swift */; };
		CEDD47092216DC220084AA47 /* TaskThreePartThreeViewController.storyboard in Resources */ = {isa = PBXBuildFile; fileRef = CEDD47082216DC220084AA47 /* TaskThreePartThreeViewController.storyboard */; };
		CEDD470B2216E1470084AA47 /* TaskThreePartThreeViewController.swift in Sources */ = {isa = PBXBuildFile; fileRef = CEDD470A2216E1470084AA47 /* TaskThreePartThreeViewController.swift */; };
		CEDD470E2216EABB0084AA47 /* TaskFourViewController.storyboard in Resources */ = {isa = PBXBuildFile; fileRef = CEDD470D2216EABB0084AA47 /* TaskFourViewController.storyboard */; };
		CEDD47102216EAD20084AA47 /* TaskFourViewController.swift in Sources */ = {isa = PBXBuildFile; fileRef = CEDD470F2216EAD20084AA47 /* TaskFourViewController.swift */; };
		CEDD47122216EB9F0084AA47 /* TaskFourModel.swift in Sources */ = {isa = PBXBuildFile; fileRef = CEDD47112216EB9F0084AA47 /* TaskFourModel.swift */; };
		CEE60CFF2225616E006B2877 /* TaskFiveViewController.swift in Sources */ = {isa = PBXBuildFile; fileRef = CEE60CFE2225616E006B2877 /* TaskFiveViewController.swift */; };
		CEE60D05222565C3006B2877 /* TaskFiveModel.swift in Sources */ = {isa = PBXBuildFile; fileRef = CEE60D04222565C3006B2877 /* TaskFiveModel.swift */; };
		CEE60D07222565E9006B2877 /* TaskFiveFactory.swift in Sources */ = {isa = PBXBuildFile; fileRef = CEE60D06222565E9006B2877 /* TaskFiveFactory.swift */; };
		CEE60D0A22256675006B2877 /* TaskFiveViewController.storyboard in Resources */ = {isa = PBXBuildFile; fileRef = CEE60D0922256675006B2877 /* TaskFiveViewController.storyboard */; };
/* End PBXBuildFile section */

/* Begin PBXFileReference section */
		9609992D21998CAB006B6D62 /* iOSMobileArchitecture.app */ = {isa = PBXFileReference; explicitFileType = wrapper.application; includeInIndex = 0; path = iOSMobileArchitecture.app; sourceTree = BUILT_PRODUCTS_DIR; };
		9609993021998CAB006B6D62 /* AppDelegate.swift */ = {isa = PBXFileReference; lastKnownFileType = sourcecode.swift; path = AppDelegate.swift; sourceTree = "<group>"; };
		9609993721998CAD006B6D62 /* Assets.xcassets */ = {isa = PBXFileReference; lastKnownFileType = folder.assetcatalog; path = Assets.xcassets; sourceTree = "<group>"; };
		9609993C21998CAD006B6D62 /* Info.plist */ = {isa = PBXFileReference; lastKnownFileType = text.plist.xml; path = Info.plist; sourceTree = "<group>"; };
		9609995221998FFE006B6D62 /* LaunchScreen.storyboard */ = {isa = PBXFileReference; lastKnownFileType = file.storyboard; path = LaunchScreen.storyboard; sourceTree = "<group>"; };
		9663320521C8E15C004ABCA2 /* TaskSix */ = {isa = PBXFileReference; lastKnownFileType = text; path = TaskSix; sourceTree = "<group>"; };
		9663320721C8E27D004ABCA2 /* TaskSixProtocol.swift */ = {isa = PBXFileReference; lastKnownFileType = sourcecode.swift; path = TaskSixProtocol.swift; sourceTree = "<group>"; };
		9663320A21C8E39C004ABCA2 /* TaskSeven */ = {isa = PBXFileReference; lastKnownFileType = text; path = TaskSeven; sourceTree = "<group>"; };
		96B0E7A021AFD413001AD6FF /* ReadMe */ = {isa = PBXFileReference; lastKnownFileType = text; path = ReadMe; sourceTree = "<group>"; };
		96B0E7A321AFD695001AD6FF /* TaskOne */ = {isa = PBXFileReference; lastKnownFileType = text; path = TaskOne; sourceTree = "<group>"; };
		96B0E7A621AFE4AF001AD6FF /* TaskTwo */ = {isa = PBXFileReference; lastKnownFileType = text; path = TaskTwo; sourceTree = "<group>"; };
		96B0E7A921AFFB34001AD6FF /* TaskThree */ = {isa = PBXFileReference; lastKnownFileType = text; path = TaskThree; sourceTree = "<group>"; };
		96B0E7AC21B0086D001AD6FF /* TaskFour */ = {isa = PBXFileReference; lastKnownFileType = text; path = TaskFour; sourceTree = "<group>"; };
		96B0E7AF21B00CAF001AD6FF /* TaskFive */ = {isa = PBXFileReference; lastKnownFileType = text; path = TaskFive; sourceTree = "<group>"; };
		CE23DCDE21F1FE6F00B1DE49 /* TaskThreePartOneViewController.storyboard */ = {isa = PBXFileReference; lastKnownFileType = file.storyboard; path = TaskThreePartOneViewController.storyboard; sourceTree = "<group>"; };
		CE2726722237DE2F004B0B01 /* TaskSixModel.swift */ = {isa = PBXFileReference; lastKnownFileType = sourcecode.swift; path = TaskSixModel.swift; sourceTree = "<group>"; };
		CE2726752237E5A8004B0B01 /* TaskSevenStoryboard.storyboard */ = {isa = PBXFileReference; lastKnownFileType = file.storyboard; path = TaskSevenStoryboard.storyboard; sourceTree = "<group>"; };
		CE2726772237E5EF004B0B01 /* TaskSevenViewController.swift */ = {isa = PBXFileReference; lastKnownFileType = sourcecode.swift; path = TaskSevenViewController.swift; sourceTree = "<group>"; };
		CE2726792237F355004B0B01 /* TaskSevenModel.swift */ = {isa = PBXFileReference; lastKnownFileType = sourcecode.swift; path = TaskSevenModel.swift; sourceTree = "<group>"; };
		CE3EB58D22009A2000675F35 /* TaskThreePartOneViewController.swift */ = {isa = PBXFileReference; lastKnownFileType = sourcecode.swift; path = TaskThreePartOneViewController.swift; sourceTree = "<group>"; };
		CE3EB59022009A4500675F35 /* TaskThreePartTwoViewController.swift */ = {isa = PBXFileReference; lastKnownFileType = sourcecode.swift; path = TaskThreePartTwoViewController.swift; sourceTree = "<group>"; };
		CE56A51722203BBE0057D026 /* TaskFuorFactory.swift */ = {isa = PBXFileReference; lastKnownFileType = sourcecode.swift; path = TaskFuorFactory.swift; sourceTree = "<group>"; };
		CE8CCCD4222436DA000EDA70 /* TableViewCell.swift */ = {isa = PBXFileReference; lastKnownFileType = sourcecode.swift; path = TableViewCell.swift; sourceTree = "<group>"; };
		CEB3A5142209A01600EE0051 /* TaskThreePartTwoViewController.storyboard */ = {isa = PBXFileReference; lastKnownFileType = file.storyboard; path = TaskThreePartTwoViewController.storyboard; sourceTree = "<group>"; };
		CEB3A5162209A7FC00EE0051 /* TaskThreeModel.swift */ = {isa = PBXFileReference; lastKnownFileType = sourcecode.swift; path = TaskThreeModel.swift; sourceTree = "<group>"; };
		CEC8D90F21E77B6B0030833B /* TaskOneStoryboard.storyboard */ = {isa = PBXFileReference; lastKnownFileType = file.storyboard; path = TaskOneStoryboard.storyboard; sourceTree = "<group>"; };
		CEC8D91121E77BA80030833B /* TaskOneViewController.swift */ = {isa = PBXFileReference; lastKnownFileType = sourcecode.swift; path = TaskOneViewController.swift; sourceTree = "<group>"; };
		CECB630121EF58AD00AEE333 /* TaskTwoViewController.storyboard */ = {isa = PBXFileReference; lastKnownFileType = file.storyboard; path = TaskTwoViewController.storyboard; sourceTree = "<group>"; };
		CECB630321EF58F300AEE333 /* TaskTwoViewController.swift */ = {isa = PBXFileReference; lastKnownFileType = sourcecode.swift; path = TaskTwoViewController.swift; sourceTree = "<group>"; };
		CEDD47082216DC220084AA47 /* TaskThreePartThreeViewController.storyboard */ = {isa = PBXFileReference; lastKnownFileType = file.storyboard; path = TaskThreePartThreeViewController.storyboard; sourceTree = "<group>"; };
		CEDD470A2216E1470084AA47 /* TaskThreePartThreeViewController.swift */ = {isa = PBXFileReference; lastKnownFileType = sourcecode.swift; path = TaskThreePartThreeViewController.swift; sourceTree = "<group>"; };
		CEDD470D2216EABB0084AA47 /* TaskFourViewController.storyboard */ = {isa = PBXFileReference; lastKnownFileType = file.storyboard; path = TaskFourViewController.storyboard; sourceTree = "<group>"; };
		CEDD470F2216EAD20084AA47 /* TaskFourViewController.swift */ = {isa = PBXFileReference; lastKnownFileType = sourcecode.swift; path = TaskFourViewController.swift; sourceTree = "<group>"; };
		CEDD47112216EB9F0084AA47 /* TaskFourModel.swift */ = {isa = PBXFileReference; lastKnownFileType = sourcecode.swift; path = TaskFourModel.swift; sourceTree = "<group>"; };
		CEE60CFE2225616E006B2877 /* TaskFiveViewController.swift */ = {isa = PBXFileReference; lastKnownFileType = sourcecode.swift; path = TaskFiveViewController.swift; sourceTree = "<group>"; };
		CEE60D04222565C3006B2877 /* TaskFiveModel.swift */ = {isa = PBXFileReference; lastKnownFileType = sourcecode.swift; path = TaskFiveModel.swift; sourceTree = "<group>"; };
		CEE60D06222565E9006B2877 /* TaskFiveFactory.swift */ = {isa = PBXFileReference; lastKnownFileType = sourcecode.swift; path = TaskFiveFactory.swift; sourceTree = "<group>"; };
		CEE60D0922256675006B2877 /* TaskFiveViewController.storyboard */ = {isa = PBXFileReference; lastKnownFileType = file.storyboard; path = TaskFiveViewController.storyboard; sourceTree = "<group>"; };
/* End PBXFileReference section */

/* Begin PBXFrameworksBuildPhase section */
		9609992A21998CAB006B6D62 /* Frameworks */ = {
			isa = PBXFrameworksBuildPhase;
			buildActionMask = 2147483647;
			files = (
			);
			runOnlyForDeploymentPostprocessing = 0;
		};
/* End PBXFrameworksBuildPhase section */

/* Begin PBXGroup section */
		9609992421998CAB006B6D62 = {
			isa = PBXGroup;
			children = (
				96B0E7A021AFD413001AD6FF /* ReadMe */,
				9609992F21998CAB006B6D62 /* iOSMobileArchitecture */,
				9609992E21998CAB006B6D62 /* Products */,
			);
			sourceTree = "<group>";
		};
		9609992E21998CAB006B6D62 /* Products */ = {
			isa = PBXGroup;
			children = (
				9609992D21998CAB006B6D62 /* iOSMobileArchitecture.app */,
			);
			name = Products;
			sourceTree = "<group>";
		};
		9609992F21998CAB006B6D62 /* iOSMobileArchitecture */ = {
			isa = PBXGroup;
			children = (
				9609994221998D5F006B6D62 /* Classes */,
				9609994321998D65006B6D62 /* Resources */,
			);
			path = iOSMobileArchitecture;
			sourceTree = "<group>";
		};
		9609994221998D5F006B6D62 /* Classes */ = {
			isa = PBXGroup;
			children = (
				9609994821998DDF006B6D62 /* Presentation */,
			);
			path = Classes;
			sourceTree = "<group>";
		};
		9609994321998D65006B6D62 /* Resources */ = {
			isa = PBXGroup;
			children = (
				9609994421998D97006B6D62 /* Storyboards */,
				9609993721998CAD006B6D62 /* Assets.xcassets */,
				9609993021998CAB006B6D62 /* AppDelegate.swift */,
				9609993C21998CAD006B6D62 /* Info.plist */,
			);
			path = Resources;
			sourceTree = "<group>";
		};
		9609994421998D97006B6D62 /* Storyboards */ = {
			isa = PBXGroup;
			children = (
				CE2726742237E581004B0B01 /* Task7Storyboard */,
				CEE60D082225665A006B2877 /* Task5Storyboard */,
				CEDD470C2216EA7C0084AA47 /* Task4Storyboard */,
				CE28C2A82212CA5400883930 /* Task3Storyboard */,
				CE28C2A72212CA4400883930 /* Task2Storyboard */,
				CE28C2A62212CA1C00883930 /* Task1Storyboard */,
				9609995221998FFE006B6D62 /* LaunchScreen.storyboard */,
			);
			path = Storyboards;
			sourceTree = "<group>";
		};
		9609994821998DDF006B6D62 /* Presentation */ = {
			isa = PBXGroup;
			children = (
				9663320921C8E32A004ABCA2 /* TaskSevenScreen */,
				9663320421C8E143004ABCA2 /* TaskSixScreen */,
				96B0E7AE21B00C9E001AD6FF /* TaskFiveScreen */,
				96B0E7AB21B00805001AD6FF /* TaskFourScreen */,
				96B0E7A821AFE93D001AD6FF /* TaskThreeScreen */,
				96B0E7A521AFE49E001AD6FF /* TaskTwoScreen */,
				96B0E7A221AFD666001AD6FF /* TaskOneScreen */,
			);
			path = Presentation;
			sourceTree = "<group>";
		};
		9663320421C8E143004ABCA2 /* TaskSixScreen */ = {
			isa = PBXGroup;
			children = (
				9663320521C8E15C004ABCA2 /* TaskSix */,
				9663320721C8E27D004ABCA2 /* TaskSixProtocol.swift */,
				CE2726722237DE2F004B0B01 /* TaskSixModel.swift */,
			);
			path = TaskSixScreen;
			sourceTree = "<group>";
		};
		9663320921C8E32A004ABCA2 /* TaskSevenScreen */ = {
			isa = PBXGroup;
			children = (
				9663320A21C8E39C004ABCA2 /* TaskSeven */,
				CE2726772237E5EF004B0B01 /* TaskSevenViewController.swift */,
				CE2726792237F355004B0B01 /* TaskSevenModel.swift */,
			);
			path = TaskSevenScreen;
			sourceTree = "<group>";
		};
		96B0E7A221AFD666001AD6FF /* TaskOneScreen */ = {
			isa = PBXGroup;
			children = (
				96B0E7A321AFD695001AD6FF /* TaskOne */,
				CEC8D91121E77BA80030833B /* TaskOneViewController.swift */,
			);
			path = TaskOneScreen;
			sourceTree = "<group>";
		};
		96B0E7A521AFE49E001AD6FF /* TaskTwoScreen */ = {
			isa = PBXGroup;
			children = (
				96B0E7A621AFE4AF001AD6FF /* TaskTwo */,
				CECB630321EF58F300AEE333 /* TaskTwoViewController.swift */,
			);
			path = TaskTwoScreen;
			sourceTree = "<group>";
		};
		96B0E7A821AFE93D001AD6FF /* TaskThreeScreen */ = {
			isa = PBXGroup;
			children = (
				96B0E7A921AFFB34001AD6FF /* TaskThree */,
				CE3EB58D22009A2000675F35 /* TaskThreePartOneViewController.swift */,
				CE3EB59022009A4500675F35 /* TaskThreePartTwoViewController.swift */,
				CEDD470A2216E1470084AA47 /* TaskThreePartThreeViewController.swift */,
				CEB3A5162209A7FC00EE0051 /* TaskThreeModel.swift */,
			);
			path = TaskThreeScreen;
			sourceTree = "<group>";
		};
		96B0E7AB21B00805001AD6FF /* TaskFourScreen */ = {
			isa = PBXGroup;
			children = (
				96B0E7AC21B0086D001AD6FF /* TaskFour */,
				CEDD470F2216EAD20084AA47 /* TaskFourViewController.swift */,
				CEDD47112216EB9F0084AA47 /* TaskFourModel.swift */,
				CE56A51722203BBE0057D026 /* TaskFuorFactory.swift */,
				CE8CCCD4222436DA000EDA70 /* TableViewCell.swift */,
			);
			path = TaskFourScreen;
			sourceTree = "<group>";
		};
		96B0E7AE21B00C9E001AD6FF /* TaskFiveScreen */ = {
			isa = PBXGroup;
			children = (
				96B0E7AF21B00CAF001AD6FF /* TaskFive */,
				CEE60CFE2225616E006B2877 /* TaskFiveViewController.swift */,
				CEE60D04222565C3006B2877 /* TaskFiveModel.swift */,
				CEE60D06222565E9006B2877 /* TaskFiveFactory.swift */,
			);
			path = TaskFiveScreen;
			sourceTree = "<group>";
		};
		CE2726742237E581004B0B01 /* Task7Storyboard */ = {
			isa = PBXGroup;
			children = (
				CE2726752237E5A8004B0B01 /* TaskSevenStoryboard.storyboard */,
			);
			path = Task7Storyboard;
			sourceTree = "<group>";
		};
		CE28C2A62212CA1C00883930 /* Task1Storyboard */ = {
			isa = PBXGroup;
			children = (
				CEC8D90F21E77B6B0030833B /* TaskOneStoryboard.storyboard */,
			);
			path = Task1Storyboard;
			sourceTree = "<group>";
		};
		CE28C2A72212CA4400883930 /* Task2Storyboard */ = {
			isa = PBXGroup;
			children = (
				CECB630121EF58AD00AEE333 /* TaskTwoViewController.storyboard */,
			);
			path = Task2Storyboard;
			sourceTree = "<group>";
		};
		CE28C2A82212CA5400883930 /* Task3Storyboard */ = {
			isa = PBXGroup;
			children = (
				CE23DCDE21F1FE6F00B1DE49 /* TaskThreePartOneViewController.storyboard */,
				CEB3A5142209A01600EE0051 /* TaskThreePartTwoViewController.storyboard */,
				CEDD47082216DC220084AA47 /* TaskThreePartThreeViewController.storyboard */,
			);
			path = Task3Storyboard;
			sourceTree = "<group>";
		};
		CEDD470C2216EA7C0084AA47 /* Task4Storyboard */ = {
			isa = PBXGroup;
			children = (
				CEDD470D2216EABB0084AA47 /* TaskFourViewController.storyboard */,
			);
			path = Task4Storyboard;
			sourceTree = "<group>";
		};
		CEE60D082225665A006B2877 /* Task5Storyboard */ = {
			isa = PBXGroup;
			children = (
				CEE60D0922256675006B2877 /* TaskFiveViewController.storyboard */,
			);
			path = Task5Storyboard;
			sourceTree = "<group>";
		};
/* End PBXGroup section */

/* Begin PBXNativeTarget section */
		9609992C21998CAB006B6D62 /* iOSMobileArchitecture */ = {
			isa = PBXNativeTarget;
			buildConfigurationList = 9609993F21998CAD006B6D62 /* Build configuration list for PBXNativeTarget "iOSMobileArchitecture" */;
			buildPhases = (
				9609992921998CAB006B6D62 /* Sources */,
				9609992A21998CAB006B6D62 /* Frameworks */,
				9609992B21998CAB006B6D62 /* Resources */,
			);
			buildRules = (
			);
			dependencies = (
			);
			name = iOSMobileArchitecture;
			productName = iOSMobileArchitecture;
			productReference = 9609992D21998CAB006B6D62 /* iOSMobileArchitecture.app */;
			productType = "com.apple.product-type.application";
		};
/* End PBXNativeTarget section */

/* Begin PBXProject section */
		9609992521998CAB006B6D62 /* Project object */ = {
			isa = PBXProject;
			attributes = {
				LastSwiftUpdateCheck = 1010;
				LastUpgradeCheck = 1010;
				ORGANIZATIONNAME = "Andrey Chernyshev";
				TargetAttributes = {
					9609992C21998CAB006B6D62 = {
						CreatedOnToolsVersion = 10.1;
						SystemCapabilities = {
							com.apple.BackgroundModes = {
								enabled = 1;
							};
						};
					};
				};
			};
			buildConfigurationList = 9609992821998CAB006B6D62 /* Build configuration list for PBXProject "iOSMobileArchitecture" */;
			compatibilityVersion = "Xcode 9.3";
			developmentRegion = en;
			hasScannedForEncodings = 0;
			knownRegions = (
				en,
				Base,
			);
			mainGroup = 9609992421998CAB006B6D62;
			productRefGroup = 9609992E21998CAB006B6D62 /* Products */;
			projectDirPath = "";
			projectRoot = "";
			targets = (
				9609992C21998CAB006B6D62 /* iOSMobileArchitecture */,
			);
		};
/* End PBXProject section */

/* Begin PBXResourcesBuildPhase section */
		9609992B21998CAB006B6D62 /* Resources */ = {
			isa = PBXResourcesBuildPhase;
			buildActionMask = 2147483647;
			files = (
				9663320621C8E15C004ABCA2 /* TaskSix in Resources */,
				9663320B21C8E39C004ABCA2 /* TaskSeven in Resources */,
				CEDD470E2216EABB0084AA47 /* TaskFourViewController.storyboard in Resources */,
				CEDD47092216DC220084AA47 /* TaskThreePartThreeViewController.storyboard in Resources */,
				96B0E7AA21AFFB34001AD6FF /* TaskThree in Resources */,
				CEC8D91021E77B6B0030833B /* TaskOneStoryboard.storyboard in Resources */,
				CE2726762237E5A8004B0B01 /* TaskSevenStoryboard.storyboard in Resources */,
				96B0E7A421AFD695001AD6FF /* TaskOne in Resources */,
				CEE60D0A22256675006B2877 /* TaskFiveViewController.storyboard in Resources */,
				9609995321998FFE006B6D62 /* LaunchScreen.storyboard in Resources */,
				96B0E7AD21B0086D001AD6FF /* TaskFour in Resources */,
				96B0E7B021B00CAF001AD6FF /* TaskFive in Resources */,
				9609993821998CAD006B6D62 /* Assets.xcassets in Resources */,
				CE23DCDF21F1FE6F00B1DE49 /* TaskThreePartOneViewController.storyboard in Resources */,
				96B0E7A121AFD413001AD6FF /* ReadMe in Resources */,
				CEB3A5152209A01600EE0051 /* TaskThreePartTwoViewController.storyboard in Resources */,
				CECB630221EF58AD00AEE333 /* TaskTwoViewController.storyboard in Resources */,
				96B0E7A721AFE4AF001AD6FF /* TaskTwo in Resources */,
			);
			runOnlyForDeploymentPostprocessing = 0;
		};
/* End PBXResourcesBuildPhase section */

/* Begin PBXSourcesBuildPhase section */
		9609992921998CAB006B6D62 /* Sources */ = {
			isa = PBXSourcesBuildPhase;
			buildActionMask = 2147483647;
			files = (
				CE27267A2237F355004B0B01 /* TaskSevenModel.swift in Sources */,
				CEC8D91221E77BA80030833B /* TaskOneViewController.swift in Sources */,
				9609993121998CAB006B6D62 /* AppDelegate.swift in Sources */,
				CE56A51822203BBE0057D026 /* TaskFuorFactory.swift in Sources */,
				CE3EB59122009A4500675F35 /* TaskThreePartTwoViewController.swift in Sources */,
				CEDD470B2216E1470084AA47 /* TaskThreePartThreeViewController.swift in Sources */,
				CECB630421EF58F300AEE333 /* TaskTwoViewController.swift in Sources */,
				CEDD47102216EAD20084AA47 /* TaskFourViewController.swift in Sources */,
				CEE60D05222565C3006B2877 /* TaskFiveModel.swift in Sources */,
				CE3EB58E22009A2000675F35 /* TaskThreePartOneViewController.swift in Sources */,
				CE2726782237E5EF004B0B01 /* TaskSevenViewController.swift in Sources */,
				CEB3A5172209A7FC00EE0051 /* TaskThreeModel.swift in Sources */,
				CE2726732237DE2F004B0B01 /* TaskSixModel.swift in Sources */,
				CEE60CFF2225616E006B2877 /* TaskFiveViewController.swift in Sources */,
				CE8CCCD5222436DA000EDA70 /* TableViewCell.swift in Sources */,
				CEDD47122216EB9F0084AA47 /* TaskFourModel.swift in Sources */,
				9663320821C8E27D004ABCA2 /* TaskSixProtocol.swift in Sources */,
				CEE60D07222565E9006B2877 /* TaskFiveFactory.swift in Sources */,
			);
			runOnlyForDeploymentPostprocessing = 0;
		};
/* End PBXSourcesBuildPhase section */

/* Begin XCBuildConfiguration section */
		9609993D21998CAD006B6D62 /* Debug */ = {
			isa = XCBuildConfiguration;
			buildSettings = {
				ALWAYS_SEARCH_USER_PATHS = NO;
				CLANG_ANALYZER_NONNULL = YES;
				CLANG_ANALYZER_NUMBER_OBJECT_CONVERSION = YES_AGGRESSIVE;
				CLANG_CXX_LANGUAGE_STANDARD = "gnu++14";
				CLANG_CXX_LIBRARY = "libc++";
				CLANG_ENABLE_MODULES = YES;
				CLANG_ENABLE_OBJC_ARC = YES;
				CLANG_ENABLE_OBJC_WEAK = YES;
				CLANG_WARN_BLOCK_CAPTURE_AUTORELEASING = YES;
				CLANG_WARN_BOOL_CONVERSION = YES;
				CLANG_WARN_COMMA = YES;
				CLANG_WARN_CONSTANT_CONVERSION = YES;
				CLANG_WARN_DEPRECATED_OBJC_IMPLEMENTATIONS = YES;
				CLANG_WARN_DIRECT_OBJC_ISA_USAGE = YES_ERROR;
				CLANG_WARN_DOCUMENTATION_COMMENTS = YES;
				CLANG_WARN_EMPTY_BODY = YES;
				CLANG_WARN_ENUM_CONVERSION = YES;
				CLANG_WARN_INFINITE_RECURSION = YES;
				CLANG_WARN_INT_CONVERSION = YES;
				CLANG_WARN_NON_LITERAL_NULL_CONVERSION = YES;
				CLANG_WARN_OBJC_IMPLICIT_RETAIN_SELF = YES;
				CLANG_WARN_OBJC_LITERAL_CONVERSION = YES;
				CLANG_WARN_OBJC_ROOT_CLASS = YES_ERROR;
				CLANG_WARN_RANGE_LOOP_ANALYSIS = YES;
				CLANG_WARN_STRICT_PROTOTYPES = YES;
				CLANG_WARN_SUSPICIOUS_MOVE = YES;
				CLANG_WARN_UNGUARDED_AVAILABILITY = YES_AGGRESSIVE;
				CLANG_WARN_UNREACHABLE_CODE = YES;
				CLANG_WARN__DUPLICATE_METHOD_MATCH = YES;
				CODE_SIGN_IDENTITY = "iPhone Developer";
				COPY_PHASE_STRIP = NO;
				DEBUG_INFORMATION_FORMAT = dwarf;
				ENABLE_STRICT_OBJC_MSGSEND = YES;
				ENABLE_TESTABILITY = YES;
				GCC_C_LANGUAGE_STANDARD = gnu11;
				GCC_DYNAMIC_NO_PIC = NO;
				GCC_NO_COMMON_BLOCKS = YES;
				GCC_OPTIMIZATION_LEVEL = 0;
				GCC_PREPROCESSOR_DEFINITIONS = (
					"DEBUG=1",
					"$(inherited)",
				);
				GCC_WARN_64_TO_32_BIT_CONVERSION = YES;
				GCC_WARN_ABOUT_RETURN_TYPE = YES_ERROR;
				GCC_WARN_UNDECLARED_SELECTOR = YES;
				GCC_WARN_UNINITIALIZED_AUTOS = YES_AGGRESSIVE;
				GCC_WARN_UNUSED_FUNCTION = YES;
				GCC_WARN_UNUSED_VARIABLE = YES;
				IPHONEOS_DEPLOYMENT_TARGET = 12.1;
				MTL_ENABLE_DEBUG_INFO = INCLUDE_SOURCE;
				MTL_FAST_MATH = YES;
				ONLY_ACTIVE_ARCH = YES;
				SDKROOT = iphoneos;
				SWIFT_ACTIVE_COMPILATION_CONDITIONS = DEBUG;
				SWIFT_OPTIMIZATION_LEVEL = "-Onone";
			};
			name = Debug;
		};
		9609993E21998CAD006B6D62 /* Release */ = {
			isa = XCBuildConfiguration;
			buildSettings = {
				ALWAYS_SEARCH_USER_PATHS = NO;
				CLANG_ANALYZER_NONNULL = YES;
				CLANG_ANALYZER_NUMBER_OBJECT_CONVERSION = YES_AGGRESSIVE;
				CLANG_CXX_LANGUAGE_STANDARD = "gnu++14";
				CLANG_CXX_LIBRARY = "libc++";
				CLANG_ENABLE_MODULES = YES;
				CLANG_ENABLE_OBJC_ARC = YES;
				CLANG_ENABLE_OBJC_WEAK = YES;
				CLANG_WARN_BLOCK_CAPTURE_AUTORELEASING = YES;
				CLANG_WARN_BOOL_CONVERSION = YES;
				CLANG_WARN_COMMA = YES;
				CLANG_WARN_CONSTANT_CONVERSION = YES;
				CLANG_WARN_DEPRECATED_OBJC_IMPLEMENTATIONS = YES;
				CLANG_WARN_DIRECT_OBJC_ISA_USAGE = YES_ERROR;
				CLANG_WARN_DOCUMENTATION_COMMENTS = YES;
				CLANG_WARN_EMPTY_BODY = YES;
				CLANG_WARN_ENUM_CONVERSION = YES;
				CLANG_WARN_INFINITE_RECURSION = YES;
				CLANG_WARN_INT_CONVERSION = YES;
				CLANG_WARN_NON_LITERAL_NULL_CONVERSION = YES;
				CLANG_WARN_OBJC_IMPLICIT_RETAIN_SELF = YES;
				CLANG_WARN_OBJC_LITERAL_CONVERSION = YES;
				CLANG_WARN_OBJC_ROOT_CLASS = YES_ERROR;
				CLANG_WARN_RANGE_LOOP_ANALYSIS = YES;
				CLANG_WARN_STRICT_PROTOTYPES = YES;
				CLANG_WARN_SUSPICIOUS_MOVE = YES;
				CLANG_WARN_UNGUARDED_AVAILABILITY = YES_AGGRESSIVE;
				CLANG_WARN_UNREACHABLE_CODE = YES;
				CLANG_WARN__DUPLICATE_METHOD_MATCH = YES;
				CODE_SIGN_IDENTITY = "iPhone Developer";
				COPY_PHASE_STRIP = NO;
				DEBUG_INFORMATION_FORMAT = "dwarf-with-dsym";
				ENABLE_NS_ASSERTIONS = NO;
				ENABLE_STRICT_OBJC_MSGSEND = YES;
				GCC_C_LANGUAGE_STANDARD = gnu11;
				GCC_NO_COMMON_BLOCKS = YES;
				GCC_WARN_64_TO_32_BIT_CONVERSION = YES;
				GCC_WARN_ABOUT_RETURN_TYPE = YES_ERROR;
				GCC_WARN_UNDECLARED_SELECTOR = YES;
				GCC_WARN_UNINITIALIZED_AUTOS = YES_AGGRESSIVE;
				GCC_WARN_UNUSED_FUNCTION = YES;
				GCC_WARN_UNUSED_VARIABLE = YES;
				IPHONEOS_DEPLOYMENT_TARGET = 12.1;
				MTL_ENABLE_DEBUG_INFO = NO;
				MTL_FAST_MATH = YES;
				SDKROOT = iphoneos;
				SWIFT_COMPILATION_MODE = wholemodule;
				SWIFT_OPTIMIZATION_LEVEL = "-O";
				VALIDATE_PRODUCT = YES;
			};
			name = Release;
		};
		9609994021998CAD006B6D62 /* Debug */ = {
			isa = XCBuildConfiguration;
			buildSettings = {
				ASSETCATALOG_COMPILER_APPICON_NAME = AppIcon;
				CODE_SIGN_STYLE = Automatic;
				DEVELOPMENT_TEAM = UDD4QZUY96;
				INFOPLIST_FILE = "$(SRCROOT)/iOSMobileArchitecture/Resources/Info.plist";
				IPHONEOS_DEPLOYMENT_TARGET = 10.0;
				LD_RUNPATH_SEARCH_PATHS = (
					"$(inherited)",
					"@executable_path/Frameworks",
				);
				PRODUCT_BUNDLE_IDENTIFIER = com.andrey.iOSMobileArchitecture;
				PRODUCT_NAME = "$(TARGET_NAME)";
				SWIFT_VERSION = 4.2;
				TARGETED_DEVICE_FAMILY = 1;
			};
			name = Debug;
		};
		9609994121998CAD006B6D62 /* Release */ = {
			isa = XCBuildConfiguration;
			buildSettings = {
				ASSETCATALOG_COMPILER_APPICON_NAME = AppIcon;
				CODE_SIGN_STYLE = Automatic;
				DEVELOPMENT_TEAM = UDD4QZUY96;
				INFOPLIST_FILE = "$(SRCROOT)/iOSMobileArchitecture/Resources/Info.plist";
				IPHONEOS_DEPLOYMENT_TARGET = 10.0;
				LD_RUNPATH_SEARCH_PATHS = (
					"$(inherited)",
					"@executable_path/Frameworks",
				);
				PRODUCT_BUNDLE_IDENTIFIER = com.andrey.iOSMobileArchitecture;
				PRODUCT_NAME = "$(TARGET_NAME)";
				SWIFT_VERSION = 4.2;
				TARGETED_DEVICE_FAMILY = 1;
			};
			name = Release;
		};
/* End XCBuildConfiguration section */

/* Begin XCConfigurationList section */
		9609992821998CAB006B6D62 /* Build configuration list for PBXProject "iOSMobileArchitecture" */ = {
			isa = XCConfigurationList;
			buildConfigurations = (
				9609993D21998CAD006B6D62 /* Debug */,
				9609993E21998CAD006B6D62 /* Release */,
			);
			defaultConfigurationIsVisible = 0;
			defaultConfigurationName = Release;
		};
		9609993F21998CAD006B6D62 /* Build configuration list for PBXNativeTarget "iOSMobileArchitecture" */ = {
			isa = XCConfigurationList;
			buildConfigurations = (
				9609994021998CAD006B6D62 /* Debug */,
				9609994121998CAD006B6D62 /* Release */,
			);
			defaultConfigurationIsVisible = 0;
			defaultConfigurationName = Release;
		};
/* End XCConfigurationList section */
	};
	rootObject = 9609992521998CAB006B6D62 /* Project object */;
}
